
Microsoft Visual Studio Solution File, Format Version 12.00
# Visual Studio 14
VisualStudioVersion = 14.0.25420.1
MinimumVisualStudioVersion = 10.0.40219.1
Project("{FAE04EC0-301F-11D3-BF4B-00C04F79EFBC}") = "BSNChecker.ConsoleApp", "BSNChecker.ConsoleApp\BSNChecker.ConsoleApp.csproj", "{FAB5B97F-6F4C-4C82-A440-A44D193F70DA}"
EndProject
Project("{FAE04EC0-301F-11D3-BF4B-00C04F79EFBC}") = "BSNChecker.ConsoleApp.Tests", "BSNChecker.ConsoleApp.Tests\BSNChecker.ConsoleApp.Tests.csproj", "{70E55604-DF71-480A-8184-55BF81B082AE}"
EndProject
Global
	GlobalSection(SolutionConfigurationPlatforms) = preSolution
		Debug|Any CPU = Debug|Any CPU
		Release|Any CPU = Release|Any CPU
	EndGlobalSection
	GlobalSection(ProjectConfigurationPlatforms) = postSolution
		{FAB5B97F-6F4C-4C82-A440-A44D193F70DA}.Debug|Any CPU.ActiveCfg = Debug|Any CPU
		{FAB5B97F-6F4C-4C82-A440-A44D193F70DA}.Debug|Any CPU.Build.0 = Debug|Any CPU
		{FAB5B97F-6F4C-4C82-A440-A44D193F70DA}.Release|Any CPU.ActiveCfg = Release|Any CPU
		{FAB5B97F-6F4C-4C82-A440-A44D193F70DA}.Release|Any CPU.Build.0 = Release|Any CPU
		{70E55604-DF71-480A-8184-55BF81B082AE}.Debug|Any CPU.ActiveCfg = Debug|Any CPU
		{70E55604-DF71-480A-8184-55BF81B082AE}.Debug|Any CPU.Build.0 = Debug|Any CPU
		{70E55604-DF71-480A-8184-55BF81B082AE}.Release|Any CPU.ActiveCfg = Release|Any CPU
		{70E55604-DF71-480A-8184-55BF81B082AE}.Release|Any CPU.Build.0 = Release|Any CPU
	EndGlobalSection
	GlobalSection(SolutionProperties) = preSolution
		HideSolutionNode = FALSE
	EndGlobalSection
EndGlobal
