
Microsoft Visual Studio Solution File, Format Version 12.00
# Visual Studio 15
VisualStudioVersion = 15.0.26124.0
MinimumVisualStudioVersion = 15.0.26124.0
Project("{2150E333-8FDC-42A3-9474-1A3956D46DE8}") = "lib", "lib", "{3F7B8297-0ACD-40C5-9740-560EE4A605E7}"
EndProject
Project("{FAE04EC0-301F-11D3-BF4B-00C04F79EFBC}") = "Validator", "lib\Validator\Validator.csproj", "{A3A398EA-8F59-4A32-91DC-7C33055A601E}"
EndProject
Project("{FAE04EC0-301F-11D3-BF4B-00C04F79EFBC}") = "ValidatorTests", "lib\ValidatorTests\ValidatorTests.csproj", "{873E0BC2-BF07-440C-BE08-1BDCC48F813F}"
EndProject
Project("{FAE04EC0-301F-11D3-BF4B-00C04F79EFBC}") = "fastWebapi", "webApp\fastWebapi.csproj", "{96AF8B93-88F1-443E-B793-23AC00FB993F}"
EndProject
Global
	GlobalSection(SolutionConfigurationPlatforms) = preSolution
		Debug|Any CPU = Debug|Any CPU
		Debug|x64 = Debug|x64
		Debug|x86 = Debug|x86
		Release|Any CPU = Release|Any CPU
		Release|x64 = Release|x64
		Release|x86 = Release|x86
	EndGlobalSection
	GlobalSection(SolutionProperties) = preSolution
		HideSolutionNode = FALSE
	EndGlobalSection
	GlobalSection(ProjectConfigurationPlatforms) = postSolution
		{A3A398EA-8F59-4A32-91DC-7C33055A601E}.Debug|Any CPU.ActiveCfg = Debug|Any CPU
		{A3A398EA-8F59-4A32-91DC-7C33055A601E}.Debug|Any CPU.Build.0 = Debug|Any CPU
		{A3A398EA-8F59-4A32-91DC-7C33055A601E}.Debug|x64.ActiveCfg = Debug|x64
		{A3A398EA-8F59-4A32-91DC-7C33055A601E}.Debug|x64.Build.0 = Debug|x64
		{A3A398EA-8F59-4A32-91DC-7C33055A601E}.Debug|x86.ActiveCfg = Debug|x86
		{A3A398EA-8F59-4A32-91DC-7C33055A601E}.Debug|x86.Build.0 = Debug|x86
		{A3A398EA-8F59-4A32-91DC-7C33055A601E}.Release|Any CPU.ActiveCfg = Release|Any CPU
		{A3A398EA-8F59-4A32-91DC-7C33055A601E}.Release|Any CPU.Build.0 = Release|Any CPU
		{A3A398EA-8F59-4A32-91DC-7C33055A601E}.Release|x64.ActiveCfg = Release|x64
		{A3A398EA-8F59-4A32-91DC-7C33055A601E}.Release|x64.Build.0 = Release|x64
		{A3A398EA-8F59-4A32-91DC-7C33055A601E}.Release|x86.ActiveCfg = Release|x86
		{A3A398EA-8F59-4A32-91DC-7C33055A601E}.Release|x86.Build.0 = Release|x86
		{873E0BC2-BF07-440C-BE08-1BDCC48F813F}.Debug|Any CPU.ActiveCfg = Debug|Any CPU
		{873E0BC2-BF07-440C-BE08-1BDCC48F813F}.Debug|Any CPU.Build.0 = Debug|Any CPU
		{873E0BC2-BF07-440C-BE08-1BDCC48F813F}.Debug|x64.ActiveCfg = Debug|x64
		{873E0BC2-BF07-440C-BE08-1BDCC48F813F}.Debug|x64.Build.0 = Debug|x64
		{873E0BC2-BF07-440C-BE08-1BDCC48F813F}.Debug|x86.ActiveCfg = Debug|x86
		{873E0BC2-BF07-440C-BE08-1BDCC48F813F}.Debug|x86.Build.0 = Debug|x86
		{873E0BC2-BF07-440C-BE08-1BDCC48F813F}.Release|Any CPU.ActiveCfg = Release|Any CPU
		{873E0BC2-BF07-440C-BE08-1BDCC48F813F}.Release|Any CPU.Build.0 = Release|Any CPU
		{873E0BC2-BF07-440C-BE08-1BDCC48F813F}.Release|x64.ActiveCfg = Release|x64
		{873E0BC2-BF07-440C-BE08-1BDCC48F813F}.Release|x64.Build.0 = Release|x64
		{873E0BC2-BF07-440C-BE08-1BDCC48F813F}.Release|x86.ActiveCfg = Release|x86
		{873E0BC2-BF07-440C-BE08-1BDCC48F813F}.Release|x86.Build.0 = Release|x86
		{96AF8B93-88F1-443E-B793-23AC00FB993F}.Debug|Any CPU.ActiveCfg = Debug|Any CPU
		{96AF8B93-88F1-443E-B793-23AC00FB993F}.Debug|Any CPU.Build.0 = Debug|Any CPU
		{96AF8B93-88F1-443E-B793-23AC00FB993F}.Debug|x64.ActiveCfg = Debug|x64
		{96AF8B93-88F1-443E-B793-23AC00FB993F}.Debug|x64.Build.0 = Debug|x64
		{96AF8B93-88F1-443E-B793-23AC00FB993F}.Debug|x86.ActiveCfg = Debug|x86
		{96AF8B93-88F1-443E-B793-23AC00FB993F}.Debug|x86.Build.0 = Debug|x86
		{96AF8B93-88F1-443E-B793-23AC00FB993F}.Release|Any CPU.ActiveCfg = Release|Any CPU
		{96AF8B93-88F1-443E-B793-23AC00FB993F}.Release|Any CPU.Build.0 = Release|Any CPU
		{96AF8B93-88F1-443E-B793-23AC00FB993F}.Release|x64.ActiveCfg = Release|x64
		{96AF8B93-88F1-443E-B793-23AC00FB993F}.Release|x64.Build.0 = Release|x64
		{96AF8B93-88F1-443E-B793-23AC00FB993F}.Release|x86.ActiveCfg = Release|x86
		{96AF8B93-88F1-443E-B793-23AC00FB993F}.Release|x86.Build.0 = Release|x86
	EndGlobalSection
	GlobalSection(NestedProjects) = preSolution
		{A3A398EA-8F59-4A32-91DC-7C33055A601E} = {3F7B8297-0ACD-40C5-9740-560EE4A605E7}
		{873E0BC2-BF07-440C-BE08-1BDCC48F813F} = {3F7B8297-0ACD-40C5-9740-560EE4A605E7}
	EndGlobalSection
EndGlobal
